
Microsoft Visual Studio Solution File, Format Version 12.00
# Visual Studio 15
VisualStudioVersion = 15.0.26124.0
MinimumVisualStudioVersion = 15.0.26124.0
Project("{FAE04EC0-301F-11D3-BF4B-00C04F79EFBC}") = "Northwind.Data", "Northwind.Data\Northwind.Data.csproj", "{71C46896-D622-45C2-A695-D140DC557716}"
EndProject
Project("{FAE04EC0-301F-11D3-BF4B-00C04F79EFBC}") = "Northwind.API", "Northwind.API\Northwind.API.csproj", "{C666B289-977F-4354-8A14-7C6388FEFDB2}"
EndProject
Project("{FAE04EC0-301F-11D3-BF4B-00C04F79EFBC}") = "Northwind.Core", "Northwind.Core\Northwind.Core.csproj", "{C3CDB3B1-E97E-479D-BDBC-BA7A4C2BEC35}"
EndProject
Global
	GlobalSection(SolutionConfigurationPlatforms) = preSolution
		Debug|Any CPU = Debug|Any CPU
		Debug|x64 = Debug|x64
		Debug|x86 = Debug|x86
		Release|Any CPU = Release|Any CPU
		Release|x64 = Release|x64
		Release|x86 = Release|x86
	EndGlobalSection
	GlobalSection(SolutionProperties) = preSolution
		HideSolutionNode = FALSE
	EndGlobalSection
	GlobalSection(ProjectConfigurationPlatforms) = postSolution
		{71C46896-D622-45C2-A695-D140DC557716}.Debug|Any CPU.ActiveCfg = Debug|Any CPU
		{71C46896-D622-45C2-A695-D140DC557716}.Debug|Any CPU.Build.0 = Debug|Any CPU
		{71C46896-D622-45C2-A695-D140DC557716}.Debug|x64.ActiveCfg = Debug|Any CPU
		{71C46896-D622-45C2-A695-D140DC557716}.Debug|x64.Build.0 = Debug|Any CPU
		{71C46896-D622-45C2-A695-D140DC557716}.Debug|x86.ActiveCfg = Debug|Any CPU
		{71C46896-D622-45C2-A695-D140DC557716}.Debug|x86.Build.0 = Debug|Any CPU
		{71C46896-D622-45C2-A695-D140DC557716}.Release|Any CPU.ActiveCfg = Release|Any CPU
		{71C46896-D622-45C2-A695-D140DC557716}.Release|Any CPU.Build.0 = Release|Any CPU
		{71C46896-D622-45C2-A695-D140DC557716}.Release|x64.ActiveCfg = Release|Any CPU
		{71C46896-D622-45C2-A695-D140DC557716}.Release|x64.Build.0 = Release|Any CPU
		{71C46896-D622-45C2-A695-D140DC557716}.Release|x86.ActiveCfg = Release|Any CPU
		{71C46896-D622-45C2-A695-D140DC557716}.Release|x86.Build.0 = Release|Any CPU
		{C666B289-977F-4354-8A14-7C6388FEFDB2}.Debug|Any CPU.ActiveCfg = Debug|Any CPU
		{C666B289-977F-4354-8A14-7C6388FEFDB2}.Debug|Any CPU.Build.0 = Debug|Any CPU
		{C666B289-977F-4354-8A14-7C6388FEFDB2}.Debug|x64.ActiveCfg = Debug|Any CPU
		{C666B289-977F-4354-8A14-7C6388FEFDB2}.Debug|x64.Build.0 = Debug|Any CPU
		{C666B289-977F-4354-8A14-7C6388FEFDB2}.Debug|x86.ActiveCfg = Debug|Any CPU
		{C666B289-977F-4354-8A14-7C6388FEFDB2}.Debug|x86.Build.0 = Debug|Any CPU
		{C666B289-977F-4354-8A14-7C6388FEFDB2}.Release|Any CPU.ActiveCfg = Release|Any CPU
		{C666B289-977F-4354-8A14-7C6388FEFDB2}.Release|Any CPU.Build.0 = Release|Any CPU
		{C666B289-977F-4354-8A14-7C6388FEFDB2}.Release|x64.ActiveCfg = Release|Any CPU
		{C666B289-977F-4354-8A14-7C6388FEFDB2}.Release|x64.Build.0 = Release|Any CPU
		{C666B289-977F-4354-8A14-7C6388FEFDB2}.Release|x86.ActiveCfg = Release|Any CPU
		{C666B289-977F-4354-8A14-7C6388FEFDB2}.Release|x86.Build.0 = Release|Any CPU
		{C3CDB3B1-E97E-479D-BDBC-BA7A4C2BEC35}.Debug|Any CPU.ActiveCfg = Debug|Any CPU
		{C3CDB3B1-E97E-479D-BDBC-BA7A4C2BEC35}.Debug|Any CPU.Build.0 = Debug|Any CPU
		{C3CDB3B1-E97E-479D-BDBC-BA7A4C2BEC35}.Debug|x64.ActiveCfg = Debug|Any CPU
		{C3CDB3B1-E97E-479D-BDBC-BA7A4C2BEC35}.Debug|x64.Build.0 = Debug|Any CPU
		{C3CDB3B1-E97E-479D-BDBC-BA7A4C2BEC35}.Debug|x86.ActiveCfg = Debug|Any CPU
		{C3CDB3B1-E97E-479D-BDBC-BA7A4C2BEC35}.Debug|x86.Build.0 = Debug|Any CPU
		{C3CDB3B1-E97E-479D-BDBC-BA7A4C2BEC35}.Release|Any CPU.ActiveCfg = Release|Any CPU
		{C3CDB3B1-E97E-479D-BDBC-BA7A4C2BEC35}.Release|Any CPU.Build.0 = Release|Any CPU
		{C3CDB3B1-E97E-479D-BDBC-BA7A4C2BEC35}.Release|x64.ActiveCfg = Release|Any CPU
		{C3CDB3B1-E97E-479D-BDBC-BA7A4C2BEC35}.Release|x64.Build.0 = Release|Any CPU
		{C3CDB3B1-E97E-479D-BDBC-BA7A4C2BEC35}.Release|x86.ActiveCfg = Release|Any CPU
		{C3CDB3B1-E97E-479D-BDBC-BA7A4C2BEC35}.Release|x86.Build.0 = Release|Any CPU
	EndGlobalSection
EndGlobal
